
Microsoft Visual Studio Solution File, Format Version 12.00
# Visual Studio 15
VisualStudioVersion = 15.0.28010.2050
MinimumVisualStudioVersion = 10.0.40219.1
Project("{FAE04EC0-301F-11D3-BF4B-00C04F79EFBC}") = "EchoServer", "EchoServer\EchoServer.csproj", "{B1D2A798-E083-4D57-8079-491EBEF241F6}"
EndProject
Global
	GlobalSection(SolutionConfigurationPlatforms) = preSolution
		Debug|Any CPU = Debug|Any CPU
		Release|Any CPU = Release|Any CPU
	EndGlobalSection
	GlobalSection(ProjectConfigurationPlatforms) = postSolution
		{B1D2A798-E083-4D57-8079-491EBEF241F6}.Debug|Any CPU.ActiveCfg = Debug|Any CPU
		{B1D2A798-E083-4D57-8079-491EBEF241F6}.Debug|Any CPU.Build.0 = Debug|Any CPU
		{B1D2A798-E083-4D57-8079-491EBEF241F6}.Release|Any CPU.ActiveCfg = Release|Any CPU
		{B1D2A798-E083-4D57-8079-491EBEF241F6}.Release|Any CPU.Build.0 = Release|Any CPU
	EndGlobalSection
	GlobalSection(SolutionProperties) = preSolution
		HideSolutionNode = FALSE
	EndGlobalSection
	GlobalSection(ExtensibilityGlobals) = postSolution
		SolutionGuid = {F8352070-FF9B-4F60-B92E-A0A426B6A77D}
	EndGlobalSection
EndGlobal
